
Microsoft Visual Studio Solution File, Format Version 12.00
# Visual Studio Version 17
VisualStudioVersion = 17.8.34525.116
MinimumVisualStudioVersion = 10.0.40219.1
Project("{FAE04EC0-301F-11D3-BF4B-00C04F79EFBC}") = "MiniApp", "MiniApp\MiniApp.csproj", "{46FA0467-13E1-4BB5-858A-313CD834584F}"
EndProject
Global
	GlobalSection(SolutionConfigurationPlatforms) = preSolution
		Debug|Any CPU = Debug|Any CPU
		Release|Any CPU = Release|Any CPU
	EndGlobalSection
	GlobalSection(ProjectConfigurationPlatforms) = postSolution
		{46FA0467-13E1-4BB5-858A-313CD834584F}.Debug|Any CPU.ActiveCfg = Debug|Any CPU
		{46FA0467-13E1-4BB5-858A-313CD834584F}.Debug|Any CPU.Build.0 = Debug|Any CPU
		{46FA0467-13E1-4BB5-858A-313CD834584F}.Release|Any CPU.ActiveCfg = Release|Any CPU
		{46FA0467-13E1-4BB5-858A-313CD834584F}.Release|Any CPU.Build.0 = Release|Any CPU
	EndGlobalSection
	GlobalSection(SolutionProperties) = preSolution
		HideSolutionNode = FALSE
	EndGlobalSection
	GlobalSection(ExtensibilityGlobals) = postSolution
		SolutionGuid = {920ED801-9545-401A-A080-C446D8336E0F}
	EndGlobalSection
EndGlobal
